// !$*UTF8*$!
{
	archiveVersion = 1;
	classes = {
	};
	objectVersion = 56;
	objects = {

/* Begin PBXBuildFile section */
		6658B5EB2C0B0D2F00AB5C27 /* fitness_appApp.swift in Sources */ = {isa = PBXBuildFile; fileRef = 6658B5EA2C0B0D2F00AB5C27 /* fitness_appApp.swift */; };
		6658B5ED2C0B0D2F00AB5C27 /* ContentView.swift in Sources */ = {isa = PBXBuildFile; fileRef = 6658B5EC2C0B0D2F00AB5C27 /* ContentView.swift */; };
		6658B5EF2C0B0D3100AB5C27 /* Assets.xcassets in Resources */ = {isa = PBXBuildFile; fileRef = 6658B5EE2C0B0D3100AB5C27 /* Assets.xcassets */; };
		6658B5F22C0B0D3100AB5C27 /* Preview Assets.xcassets in Resources */ = {isa = PBXBuildFile; fileRef = 6658B5F12C0B0D3100AB5C27 /* Preview Assets.xcassets */; };
		6658B5FB2C0B0DA400AB5C27 /* Header.swift in Sources */ = {isa = PBXBuildFile; fileRef = 6658B5FA2C0B0DA400AB5C27 /* Header.swift */; };
		6658B5FD2C0B0FA000AB5C27 /* StepDetail.swift in Sources */ = {isa = PBXBuildFile; fileRef = 6658B5FC2C0B0FA000AB5C27 /* StepDetail.swift */; };
		6658B5FF2C0B19F000AB5C27 /* otherDetails.swift in Sources */ = {isa = PBXBuildFile; fileRef = 6658B5FE2C0B19F000AB5C27 /* otherDetails.swift */; };
		6658B6012C0B1EA300AB5C27 /* tabbarView.swift in Sources */ = {isa = PBXBuildFile; fileRef = 6658B6002C0B1EA300AB5C27 /* tabbarView.swift */; };
/* End PBXBuildFile section */

/* Begin PBXFileReference section */
		6658B5E72C0B0D2F00AB5C27 /* fitness_app.app */ = {isa = PBXFileReference; explicitFileType = wrapper.application; includeInIndex = 0; path = fitness_app.app; sourceTree = BUILT_PRODUCTS_DIR; };
		6658B5EA2C0B0D2F00AB5C27 /* fitness_appApp.swift */ = {isa = PBXFileReference; lastKnownFileType = sourcecode.swift; path = fitness_appApp.swift; sourceTree = "<group>"; };
		6658B5EC2C0B0D2F00AB5C27 /* ContentView.swift */ = {isa = PBXFileReference; lastKnownFileType = sourcecode.swift; path = ContentView.swift; sourceTree = "<group>"; };
		6658B5EE2C0B0D3100AB5C27 /* Assets.xcassets */ = {isa = PBXFileReference; lastKnownFileType = folder.assetcatalog; path = Assets.xcassets; sourceTree = "<group>"; };
		6658B5F12C0B0D3100AB5C27 /* Preview Assets.xcassets */ = {isa = PBXFileReference; lastKnownFileType = folder.assetcatalog; path = "Preview Assets.xcassets"; sourceTree = "<group>"; };
		6658B5FA2C0B0DA400AB5C27 /* Header.swift */ = {isa = PBXFileReference; lastKnownFileType = sourcecode.swift; path = Header.swift; sourceTree = "<group>"; };
		6658B5FC2C0B0FA000AB5C27 /* StepDetail.swift */ = {isa = PBXFileReference; lastKnownFileType = sourcecode.swift; path = StepDetail.swift; sourceTree = "<group>"; };
		6658B5FE2C0B19F000AB5C27 /* otherDetails.swift */ = {isa = PBXFileReference; lastKnownFileType = sourcecode.swift; path = otherDetails.swift; sourceTree = "<group>"; };
		6658B6002C0B1EA300AB5C27 /* tabbarView.swift */ = {isa = PBXFileReference; lastKnownFileType = sourcecode.swift; path = tabbarView.swift; sourceTree = "<group>"; };
/* End PBXFileReference section */

/* Begin PBXFrameworksBuildPhase section */
		6658B5E42C0B0D2F00AB5C27 /* Frameworks */ = {
			isa = PBXFrameworksBuildPhase;
			buildActionMask = 2147483647;
			files = (
			);
			runOnlyForDeploymentPostprocessing = 0;
		};
/* End PBXFrameworksBuildPhase section */

/* Begin PBXGroup section */
		6658B5DE2C0B0D2F00AB5C27 = {
			isa = PBXGroup;
			children = (
				6658B5E92C0B0D2F00AB5C27 /* fitness_app */,
				6658B5E82C0B0D2F00AB5C27 /* Products */,
			);
			sourceTree = "<group>";
		};
		6658B5E82C0B0D2F00AB5C27 /* Products */ = {
			isa = PBXGroup;
			children = (
				6658B5E72C0B0D2F00AB5C27 /* fitness_app.app */,
			);
			name = Products;
			sourceTree = "<group>";
		};
		6658B5E92C0B0D2F00AB5C27 /* fitness_app */ = {
			isa = PBXGroup;
			children = (
				6658B5EA2C0B0D2F00AB5C27 /* fitness_appApp.swift */,
				6658B5EC2C0B0D2F00AB5C27 /* ContentView.swift */,
				6658B6002C0B1EA300AB5C27 /* tabbarView.swift */,
				6658B5EE2C0B0D3100AB5C27 /* Assets.xcassets */,
				6658B5FA2C0B0DA400AB5C27 /* Header.swift */,
				6658B5FC2C0B0FA000AB5C27 /* StepDetail.swift */,
				6658B5FE2C0B19F000AB5C27 /* otherDetails.swift */,
				6658B5F02C0B0D3100AB5C27 /* Preview Content */,
			);
			path = fitness_app;
			sourceTree = "<group>";
		};
		6658B5F02C0B0D3100AB5C27 /* Preview Content */ = {
			isa = PBXGroup;
			children = (
				6658B5F12C0B0D3100AB5C27 /* Preview Assets.xcassets */,
			);
			path = "Preview Content";
			sourceTree = "<group>";
		};
/* End PBXGroup section */

/* Begin PBXNativeTarget section */
		6658B5E62C0B0D2F00AB5C27 /* fitness_app */ = {
			isa = PBXNativeTarget;
			buildConfigurationList = 6658B5F52C0B0D3100AB5C27 /* Build configuration list for PBXNativeTarget "fitness_app" */;
			buildPhases = (
				6658B5E32C0B0D2F00AB5C27 /* Sources */,
				6658B5E42C0B0D2F00AB5C27 /* Frameworks */,
				6658B5E52C0B0D2F00AB5C27 /* Resources */,
			);
			buildRules = (
			);
			dependencies = (
			);
			name = fitness_app;
			productName = fitness_app;
			productReference = 6658B5E72C0B0D2F00AB5C27 /* fitness_app.app */;
			productType = "com.apple.product-type.application";
		};
/* End PBXNativeTarget section */

/* Begin PBXProject section */
		6658B5DF2C0B0D2F00AB5C27 /* Project object */ = {
			isa = PBXProject;
			attributes = {
				BuildIndependentTargetsInParallel = 1;
				LastSwiftUpdateCheck = 1540;
				LastUpgradeCheck = 1540;
				TargetAttributes = {
					6658B5E62C0B0D2F00AB5C27 = {
						CreatedOnToolsVersion = 15.4;
					};
				};
			};
			buildConfigurationList = 6658B5E22C0B0D2F00AB5C27 /* Build configuration list for PBXProject "fitness_app" */;
			compatibilityVersion = "Xcode 14.0";
			developmentRegion = en;
			hasScannedForEncodings = 0;
			knownRegions = (
				en,
				Base,
			);
			mainGroup = 6658B5DE2C0B0D2F00AB5C27;
			productRefGroup = 6658B5E82C0B0D2F00AB5C27 /* Products */;
			projectDirPath = "";
			projectRoot = "";
			targets = (
				6658B5E62C0B0D2F00AB5C27 /* fitness_app */,
			);
		};
/* End PBXProject section */

/* Begin PBXResourcesBuildPhase section */
		6658B5E52C0B0D2F00AB5C27 /* Resources */ = {
			isa = PBXResourcesBuildPhase;
			buildActionMask = 2147483647;
			files = (
				6658B5F22C0B0D3100AB5C27 /* Preview Assets.xcassets in Resources */,
				6658B5EF2C0B0D3100AB5C27 /* Assets.xcassets in Resources */,
			);
			runOnlyForDeploymentPostprocessing = 0;
		};
/* End PBXResourcesBuildPhase section */

/* Begin PBXSourcesBuildPhase section */
		6658B5E32C0B0D2F00AB5C27 /* Sources */ = {
			isa = PBXSourcesBuildPhase;
			buildActionMask = 2147483647;
			files = (
				6658B5ED2C0B0D2F00AB5C27 /* ContentView.swift in Sources */,
				6658B5FF2C0B19F000AB5C27 /* otherDetails.swift in Sources */,
				6658B5FB2C0B0DA400AB5C27 /* Header.swift in Sources */,
				6658B5FD2C0B0FA000AB5C27 /* StepDetail.swift in Sources */,
				6658B6012C0B1EA300AB5C27 /* tabbarView.swift in Sources */,
				6658B5EB2C0B0D2F00AB5C27 /* fitness_appApp.swift in Sources */,
			);
			runOnlyForDeploymentPostprocessing = 0;
		};
/* End PBXSourcesBuildPhase section */

/* Begin XCBuildConfiguration section */
		6658B5F32C0B0D3100AB5C27 /* Debug */ = {
			isa = XCBuildConfiguration;
			buildSettings = {
				ALWAYS_SEARCH_USER_PATHS = NO;
				ASSETCATALOG_COMPILER_GENERATE_SWIFT_ASSET_SYMBOL_EXTENSIONS = YES;
				CLANG_ANALYZER_NONNULL = YES;
				CLANG_ANALYZER_NUMBER_OBJECT_CONVERSION = YES_AGGRESSIVE;
				CLANG_CXX_LANGUAGE_STANDARD = "gnu++20";
				CLANG_ENABLE_MODULES = YES;
				CLANG_ENABLE_OBJC_ARC = YES;
				CLANG_ENABLE_OBJC_WEAK = YES;
				CLANG_WARN_BLOCK_CAPTURE_AUTORELEASING = YES;
				CLANG_WARN_BOOL_CONVERSION = YES;
				CLANG_WARN_COMMA = YES;
				CLANG_WARN_CONSTANT_CONVERSION = YES;
				CLANG_WARN_DEPRECATED_OBJC_IMPLEMENTATIONS = YES;
				CLANG_WARN_DIRECT_OBJC_ISA_USAGE = YES_ERROR;
				CLANG_WARN_DOCUMENTATION_COMMENTS = YES;
				CLANG_WARN_EMPTY_BODY = YES;
				CLANG_WARN_ENUM_CONVERSION = YES;
				CLANG_WARN_INFINITE_RECURSION = YES;
				CLANG_WARN_INT_CONVERSION = YES;
				CLANG_WARN_NON_LITERAL_NULL_CONVERSION = YES;
				CLANG_WARN_OBJC_IMPLICIT_RETAIN_SELF = YES;
				CLANG_WARN_OBJC_LITERAL_CONVERSION = YES;
				CLANG_WARN_OBJC_ROOT_CLASS = YES_ERROR;
				CLANG_WARN_QUOTED_INCLUDE_IN_FRAMEWORK_HEADER = YES;
				CLANG_WARN_RANGE_LOOP_ANALYSIS = YES;
				CLANG_WARN_STRICT_PROTOTYPES = YES;
				CLANG_WARN_SUSPICIOUS_MOVE = YES;
				CLANG_WARN_UNGUARDED_AVAILABILITY = YES_AGGRESSIVE;
				CLANG_WARN_UNREACHABLE_CODE = YES;
				CLANG_WARN__DUPLICATE_METHOD_MATCH = YES;
				COPY_PHASE_STRIP = NO;
				DEBUG_INFORMATION_FORMAT = dwarf;
				ENABLE_STRICT_OBJC_MSGSEND = YES;
				ENABLE_TESTABILITY = YES;
				ENABLE_USER_SCRIPT_SANDBOXING = YES;
				GCC_C_LANGUAGE_STANDARD = gnu17;
				GCC_DYNAMIC_NO_PIC = NO;
				GCC_NO_COMMON_BLOCKS = YES;
				GCC_OPTIMIZATION_LEVEL = 0;
				GCC_PREPROCESSOR_DEFINITIONS = (
					"DEBUG=1",
					"$(inherited)",
				);
				GCC_WARN_64_TO_32_BIT_CONVERSION = YES;
				GCC_WARN_ABOUT_RETURN_TYPE = YES_ERROR;
				GCC_WARN_UNDECLARED_SELECTOR = YES;
				GCC_WARN_UNINITIALIZED_AUTOS = YES_AGGRESSIVE;
				GCC_WARN_UNUSED_FUNCTION = YES;
				GCC_WARN_UNUSED_VARIABLE = YES;
				IPHONEOS_DEPLOYMENT_TARGET = 17.5;
				LOCALIZATION_PREFERS_STRING_CATALOGS = YES;
				MTL_ENABLE_DEBUG_INFO = INCLUDE_SOURCE;
				MTL_FAST_MATH = YES;
				ONLY_ACTIVE_ARCH = YES;
				SDKROOT = iphoneos;
				SWIFT_ACTIVE_COMPILATION_CONDITIONS = "DEBUG $(inherited)";
				SWIFT_OPTIMIZATION_LEVEL = "-Onone";
			};
			name = Debug;
		};
		6658B5F42C0B0D3100AB5C27 /* Release */ = {
			isa = XCBuildConfiguration;
			buildSettings = {
				ALWAYS_SEARCH_USER_PATHS = NO;
				ASSETCATALOG_COMPILER_GENERATE_SWIFT_ASSET_SYMBOL_EXTENSIONS = YES;
				CLANG_ANALYZER_NONNULL = YES;
				CLANG_ANALYZER_NUMBER_OBJECT_CONVERSION = YES_AGGRESSIVE;
				CLANG_CXX_LANGUAGE_STANDARD = "gnu++20";
				CLANG_ENABLE_MODULES = YES;
				CLANG_ENABLE_OBJC_ARC = YES;
				CLANG_ENABLE_OBJC_WEAK = YES;
				CLANG_WARN_BLOCK_CAPTURE_AUTORELEASING = YES;
				CLANG_WARN_BOOL_CONVERSION = YES;
				CLANG_WARN_COMMA = YES;
				CLANG_WARN_CONSTANT_CONVERSION = YES;
				CLANG_WARN_DEPRECATED_OBJC_IMPLEMENTATIONS = YES;
				CLANG_WARN_DIRECT_OBJC_ISA_USAGE = YES_ERROR;
				CLANG_WARN_DOCUMENTATION_COMMENTS = YES;
				CLANG_WARN_EMPTY_BODY = YES;
				CLANG_WARN_ENUM_CONVERSION = YES;
				CLANG_WARN_INFINITE_RECURSION = YES;
				CLANG_WARN_INT_CONVERSION = YES;
				CLANG_WARN_NON_LITERAL_NULL_CONVERSION = YES;
				CLANG_WARN_OBJC_IMPLICIT_RETAIN_SELF = YES;
				CLANG_WARN_OBJC_LITERAL_CONVERSION = YES;
				CLANG_WARN_OBJC_ROOT_CLASS = YES_ERROR;
				CLANG_WARN_QUOTED_INCLUDE_IN_FRAMEWORK_HEADER = YES;
				CLANG_WARN_RANGE_LOOP_ANALYSIS = YES;
				CLANG_WARN_STRICT_PROTOTYPES = YES;
				CLANG_WARN_SUSPICIOUS_MOVE = YES;
				CLANG_WARN_UNGUARDED_AVAILABILITY = YES_AGGRESSIVE;
				CLANG_WARN_UNREACHABLE_CODE = YES;
				CLANG_WARN__DUPLICATE_METHOD_MATCH = YES;
				COPY_PHASE_STRIP = NO;
				DEBUG_INFORMATION_FORMAT = "dwarf-with-dsym";
				ENABLE_NS_ASSERTIONS = NO;
				ENABLE_STRICT_OBJC_MSGSEND = YES;
				ENABLE_USER_SCRIPT_SANDBOXING = YES;
				GCC_C_LANGUAGE_STANDARD = gnu17;
				GCC_NO_COMMON_BLOCKS = YES;
				GCC_WARN_64_TO_32_BIT_CONVERSION = YES;
				GCC_WARN_ABOUT_RETURN_TYPE = YES_ERROR;
				GCC_WARN_UNDECLARED_SELECTOR = YES;
				GCC_WARN_UNINITIALIZED_AUTOS = YES_AGGRESSIVE;
				GCC_WARN_UNUSED_FUNCTION = YES;
				GCC_WARN_UNUSED_VARIABLE = YES;
				IPHONEOS_DEPLOYMENT_TARGET = 17.5;
				LOCALIZATION_PREFERS_STRING_CATALOGS = YES;
				MTL_ENABLE_DEBUG_INFO = NO;
				MTL_FAST_MATH = YES;
				SDKROOT = iphoneos;
				SWIFT_COMPILATION_MODE = wholemodule;
				VALIDATE_PRODUCT = YES;
			};
			name = Release;
		};
		6658B5F62C0B0D3100AB5C27 /* Debug */ = {
			isa = XCBuildConfiguration;
			buildSettings = {
				ASSETCATALOG_COMPILER_APPICON_NAME = AppIcon;
				ASSETCATALOG_COMPILER_GLOBAL_ACCENT_COLOR_NAME = AccentColor;
				CODE_SIGN_STYLE = Automatic;
				CURRENT_PROJECT_VERSION = 1;
				DEVELOPMENT_ASSET_PATHS = "\"fitness_app/Preview Content\"";
				DEVELOPMENT_TEAM = R338997M5J;
				ENABLE_PREVIEWS = YES;
				GENERATE_INFOPLIST_FILE = YES;
				INFOPLIST_KEY_UIApplicationSceneManifest_Generation = YES;
				INFOPLIST_KEY_UIApplicationSupportsIndirectInputEvents = YES;
				INFOPLIST_KEY_UILaunchScreen_Generation = YES;
				INFOPLIST_KEY_UISupportedInterfaceOrientations_iPad = "UIInterfaceOrientationPortrait UIInterfaceOrientationPortraitUpsideDown UIInterfaceOrientationLandscapeLeft UIInterfaceOrientationLandscapeRight";
				INFOPLIST_KEY_UISupportedInterfaceOrientations_iPhone = "UIInterfaceOrientationPortrait UIInterfaceOrientationLandscapeLeft UIInterfaceOrientationLandscapeRight";
				LD_RUNPATH_SEARCH_PATHS = (
					"$(inherited)",
					"@executable_path/Frameworks",
				);
				MARKETING_VERSION = 1.0;
				PRODUCT_BUNDLE_IDENTIFIER = "com.zehraozer.fitness-app";
				PRODUCT_NAME = "$(TARGET_NAME)";
				SWIFT_EMIT_LOC_STRINGS = YES;
				SWIFT_VERSION = 5.0;
				TARGETED_DEVICE_FAMILY = "1,2";
			};
			name = Debug;
		};
		6658B5F72C0B0D3100AB5C27 /* Release */ = {
			isa = XCBuildConfiguration;
			buildSettings = {
				ASSETCATALOG_COMPILER_APPICON_NAME = AppIcon;
				ASSETCATALOG_COMPILER_GLOBAL_ACCENT_COLOR_NAME = AccentColor;
				CODE_SIGN_STYLE = Automatic;
				CURRENT_PROJECT_VERSION = 1;
				DEVELOPMENT_ASSET_PATHS = "\"fitness_app/Preview Content\"";
				DEVELOPMENT_TEAM = R338997M5J;
				ENABLE_PREVIEWS = YES;
				GENERATE_INFOPLIST_FILE = YES;
				INFOPLIST_KEY_UIApplicationSceneManifest_Generation = YES;
				INFOPLIST_KEY_UIApplicationSupportsIndirectInputEvents = YES;
				INFOPLIST_KEY_UILaunchScreen_Generation = YES;
				INFOPLIST_KEY_UISupportedInterfaceOrientations_iPad = "UIInterfaceOrientationPortrait UIInterfaceOrientationPortraitUpsideDown UIInterfaceOrientationLandscapeLeft UIInterfaceOrientationLandscapeRight";
				INFOPLIST_KEY_UISupportedInterfaceOrientations_iPhone = "UIInterfaceOrientationPortrait UIInterfaceOrientationLandscapeLeft UIInterfaceOrientationLandscapeRight";
				LD_RUNPATH_SEARCH_PATHS = (
					"$(inherited)",
					"@executable_path/Frameworks",
				);
				MARKETING_VERSION = 1.0;
				PRODUCT_BUNDLE_IDENTIFIER = "com.zehraozer.fitness-app";
				PRODUCT_NAME = "$(TARGET_NAME)";
				SWIFT_EMIT_LOC_STRINGS = YES;
				SWIFT_VERSION = 5.0;
				TARGETED_DEVICE_FAMILY = "1,2";
			};
			name = Release;
		};
/* End XCBuildConfiguration section */

/* Begin XCConfigurationList section */
		6658B5E22C0B0D2F00AB5C27 /* Build configuration list for PBXProject "fitness_app" */ = {
			isa = XCConfigurationList;
			buildConfigurations = (
				6658B5F32C0B0D3100AB5C27 /* Debug */,
				6658B5F42C0B0D3100AB5C27 /* Release */,
			);
			defaultConfigurationIsVisible = 0;
			defaultConfigurationName = Release;
		};
		6658B5F52C0B0D3100AB5C27 /* Build configuration list for PBXNativeTarget "fitness_app" */ = {
			isa = XCConfigurationList;
			buildConfigurations = (
				6658B5F62C0B0D3100AB5C27 /* Debug */,
				6658B5F72C0B0D3100AB5C27 /* Release */,
			);
			defaultConfigurationIsVisible = 0;
			defaultConfigurationName = Release;
		};
/* End XCConfigurationList section */
	};
	rootObject = 6658B5DF2C0B0D2F00AB5C27 /* Project object */;
}
